
Microsoft Visual Studio Solution File, Format Version 12.00
# Visual Studio Version 17
VisualStudioVersion = 17.0.32014.148
MinimumVisualStudioVersion = 10.0.40219.1
Project("{9A19103F-16F7-4668-BE54-9A1E7A4F7556}") = "NATTunnel", "NATTunnel\NATTunnel.csproj", "{37ECCAE3-C70B-4578-9073-00879D5AE539}"
EndProject
Project("{FAE04EC0-301F-11D3-BF4B-00C04F79EFBC}") = "NATTunnelGUI", "NATTunnelGUI\NATTunnelGUI.csproj", "{D2026EB7-FD90-4FFF-BE2A-4C49590D9385}"
EndProject
Global
	GlobalSection(SolutionConfigurationPlatforms) = preSolution
		Debug|Any CPU = Debug|Any CPU
		Debug|x64 = Debug|x64
		Debug|x86 = Debug|x86
		Release|Any CPU = Release|Any CPU
		Release|x64 = Release|x64
		Release|x86 = Release|x86
	EndGlobalSection
	GlobalSection(ProjectConfigurationPlatforms) = postSolution
		{37ECCAE3-C70B-4578-9073-00879D5AE539}.Debug|Any CPU.ActiveCfg = Debug|Any CPU
		{37ECCAE3-C70B-4578-9073-00879D5AE539}.Debug|Any CPU.Build.0 = Debug|Any CPU
		{37ECCAE3-C70B-4578-9073-00879D5AE539}.Debug|x64.ActiveCfg = Debug|Any CPU
		{37ECCAE3-C70B-4578-9073-00879D5AE539}.Debug|x64.Build.0 = Debug|Any CPU
		{37ECCAE3-C70B-4578-9073-00879D5AE539}.Debug|x86.ActiveCfg = Debug|Any CPU
		{37ECCAE3-C70B-4578-9073-00879D5AE539}.Debug|x86.Build.0 = Debug|Any CPU
		{37ECCAE3-C70B-4578-9073-00879D5AE539}.Release|Any CPU.ActiveCfg = Release|Any CPU
		{37ECCAE3-C70B-4578-9073-00879D5AE539}.Release|Any CPU.Build.0 = Release|Any CPU
		{37ECCAE3-C70B-4578-9073-00879D5AE539}.Release|x64.ActiveCfg = Release|Any CPU
		{37ECCAE3-C70B-4578-9073-00879D5AE539}.Release|x64.Build.0 = Release|Any CPU
		{37ECCAE3-C70B-4578-9073-00879D5AE539}.Release|x86.ActiveCfg = Release|Any CPU
		{37ECCAE3-C70B-4578-9073-00879D5AE539}.Release|x86.Build.0 = Release|Any CPU
		{D2026EB7-FD90-4FFF-BE2A-4C49590D9385}.Debug|Any CPU.ActiveCfg = Debug|Any CPU
		{D2026EB7-FD90-4FFF-BE2A-4C49590D9385}.Debug|Any CPU.Build.0 = Debug|Any CPU
		{D2026EB7-FD90-4FFF-BE2A-4C49590D9385}.Debug|x64.ActiveCfg = Debug|Any CPU
		{D2026EB7-FD90-4FFF-BE2A-4C49590D9385}.Debug|x64.Build.0 = Debug|Any CPU
		{D2026EB7-FD90-4FFF-BE2A-4C49590D9385}.Debug|x86.ActiveCfg = Debug|Any CPU
		{D2026EB7-FD90-4FFF-BE2A-4C49590D9385}.Debug|x86.Build.0 = Debug|Any CPU
		{D2026EB7-FD90-4FFF-BE2A-4C49590D9385}.Release|Any CPU.ActiveCfg = Release|Any CPU
		{D2026EB7-FD90-4FFF-BE2A-4C49590D9385}.Release|Any CPU.Build.0 = Release|Any CPU
		{D2026EB7-FD90-4FFF-BE2A-4C49590D9385}.Release|x64.ActiveCfg = Release|Any CPU
		{D2026EB7-FD90-4FFF-BE2A-4C49590D9385}.Release|x64.Build.0 = Release|Any CPU
		{D2026EB7-FD90-4FFF-BE2A-4C49590D9385}.Release|x86.ActiveCfg = Release|Any CPU
		{D2026EB7-FD90-4FFF-BE2A-4C49590D9385}.Release|x86.Build.0 = Release|Any CPU
	EndGlobalSection
	GlobalSection(SolutionProperties) = preSolution
		HideSolutionNode = FALSE
	EndGlobalSection
	GlobalSection(ExtensibilityGlobals) = postSolution
		SolutionGuid = {65271F8D-C701-4E33-A8B8-367AF0DDCC1B}
	EndGlobalSection
EndGlobal
